
Microsoft Visual Studio Solution File, Format Version 12.00
# Visual Studio 15
VisualStudioVersion = 15.0.28307.329
MinimumVisualStudioVersion = 10.0.40219.1
Project("{FAE04EC0-301F-11D3-BF4B-00C04F79EFBC}") = "PlayingWithAjax", "PlayingWithAjax\PlayingWithAjax.csproj", "{0FF5A5E4-6D73-470B-98A2-8320336B141D}"
EndProject
Global
	GlobalSection(SolutionConfigurationPlatforms) = preSolution
		Debug|Any CPU = Debug|Any CPU
		Release|Any CPU = Release|Any CPU
	EndGlobalSection
	GlobalSection(ProjectConfigurationPlatforms) = postSolution
		{0FF5A5E4-6D73-470B-98A2-8320336B141D}.Debug|Any CPU.ActiveCfg = Debug|Any CPU
		{0FF5A5E4-6D73-470B-98A2-8320336B141D}.Debug|Any CPU.Build.0 = Debug|Any CPU
		{0FF5A5E4-6D73-470B-98A2-8320336B141D}.Release|Any CPU.ActiveCfg = Release|Any CPU
		{0FF5A5E4-6D73-470B-98A2-8320336B141D}.Release|Any CPU.Build.0 = Release|Any CPU
	EndGlobalSection
	GlobalSection(SolutionProperties) = preSolution
		HideSolutionNode = FALSE
	EndGlobalSection
	GlobalSection(ExtensibilityGlobals) = postSolution
		SolutionGuid = {EAAE937F-1E33-46F9-9570-96FE55BFE25E}
	EndGlobalSection
EndGlobal
